<?xml version="1.0" encoding="utf-8"?>
<Project ToolsVersion="4.0" xmlns="http://schemas.microsoft.com/developer/msbuild/2003">
  <ItemGroup>
    <Filter Include="源文件">
      <UniqueIdentifier>{4FC737F1-C7A5-4376-A066-2A32D752A2FF}</UniqueIdentifier>
      <Extensions>cpp;c;cc;cxx;def;odl;idl;hpj;bat;asm;asmx</Extensions>
    </Filter>
    <Filter Include="头文件">
      <UniqueIdentifier>{93995380-89BD-4b04-88EB-625FBE52EBFB}</UniqueIdentifier>
      <Extensions>h;hpp;hxx;hm;inl;inc;xsd</Extensions>
    </Filter>
    <Filter Include="资源文件">
      <UniqueIdentifier>{67DA6AB6-F800-4c08-8B7A-83BB121AAD01}</UniqueIdentifier>
      <Extensions>rc;ico;cur;bmp;dlg;rc2;rct;bin;rgs;gif;jpg;jpeg;jpe;resx;tiff;tif;png;wav;mfcribbon-ms</Extensions>
    </Filter>
  </ItemGroup>
  <ItemGroup>
    <None Include="ReadMe.txt" />
    <None Include="res\V10.rc2">
      <Filter>资源文件</Filter>
    </None>
    <None Include="res\机电调试V1.0.ico">
      <Filter>资源文件</Filter>
    </None>
    <None Include="res\toolbar1.bmp">
      <Filter>资源文件</Filter>
    </None>
    <None Include="res\bmp00001.bmp">
      <Filter>资源文件</Filter>
    </None>
    <None Include="res\bitmap2.bmp">
      <Filter>资源文件</Filter>
    </None>
    <None Include="res\bitmap3.bmp">
      <Filter>资源文件</Filter>
    </None>
    <None Include="res\toolbar2.bmp">
      <Filter>资源文件</Filter>
    </None>
    <None Include="res\11.bmp">
      <Filter>资源文件</Filter>
    </None>
    <None Include="res\测角.ico">
      <Filter>资源文件</Filter>
    </None>
    <None Include="res\测角1.bmp">
      <Filter>资源文件</Filter>
    </None>
    <None Include="res\bitmap6.bmp">
      <Filter>资源文件</Filter>
    </None>
    <None Include="..\..\机电调试V11.0\机电调试V1.0\res\测角.ico">
      <Filter>资源文件</Filter>
    </None>
    <None Include="..\..\机电调试V11.0\机电调试V1.0\res\测角1.bmp">
      <Filter>资源文件</Filter>
    </None>
    <None Include="..\..\机电调试v11.0\机电调试v1.0\res\bitmap6.bmp">
      <Filter>资源文件</Filter>
    </None>
    <None Include="..\..\机电调试V13.0\机电调试V1.0\res\测角.ico">
      <Filter>资源文件</Filter>
    </None>
    <None Include="..\..\机电调试V13.0\机电调试V1.0\res\测角1.bmp">
      <Filter>资源文件</Filter>
    </None>
    <None Include="..\..\机电调试v13.0\机电调试v1.0\res\bitmap6.bmp">
      <Filter>资源文件</Filter>
    </None>
    <None Include="..\..\..\机电调试V13.0\机电调试V1.0\res\测角.ico">
      <Filter>资源文件</Filter>
    </None>
    <None Include="..\..\..\机电调试V13.0\机电调试V1.0\res\测角1.bmp">
      <Filter>资源文件</Filter>
    </None>
    <None Include="..\..\..\机电调试v13.0\机电调试v1.0\res\bitmap6.bmp">
      <Filter>资源文件</Filter>
    </None>
    <None Include="res\icon1.ico">
      <Filter>资源文件</Filter>
    </None>
    <None Include="res\icon2.ico">
      <Filter>资源文件</Filter>
    </None>
    <None Include="res\ICON_YES.ico">
      <Filter>资源文件</Filter>
    </None>
    <None Include="res\IDI_ICON1.ico">
      <Filter>资源文件</Filter>
    </None>
  </ItemGroup>
  <ItemGroup>
    <ClInclude Include="机电调试V1.0.h">
      <Filter>头文件</Filter>
    </ClInclude>
    <ClInclude Include="机电调试V1.0Dlg.h">
      <Filter>头文件</Filter>
    </ClInclude>
    <ClInclude Include="stdafx.h">
      <Filter>头文件</Filter>
    </ClInclude>
    <ClInclude Include="targetver.h">
      <Filter>头文件</Filter>
    </ClInclude>
    <ClInclude Include="Resource.h">
      <Filter>头文件</Filter>
    </ClInclude>
    <ClInclude Include="mscomm1.h">
      <Filter>头文件</Filter>
    </ClInclude>
    <ClInclude Include="SerialDlg.h">
      <Filter>头文件</Filter>
    </ClInclude>
    <ClInclude Include="C电机Dlg.h">
      <Filter>头文件</Filter>
    </ClInclude>
    <ClInclude Include="C角度传感器Dlg.h">
      <Filter>头文件</Filter>
    </ClInclude>
    <ClInclude Include="CopyRightDlg.h">
      <Filter>头文件</Filter>
    </ClInclude>
    <ClInclude Include="HelpDlg.h">
      <Filter>头文件</Filter>
    </ClInclude>
    <ClInclude Include="CTChart.h">
      <Filter>头文件</Filter>
    </ClInclude>
    <ClInclude Include="CSeries.h">
      <Filter>头文件</Filter>
    </ClInclude>
    <ClInclude Include="CPanel.h">
      <Filter>头文件</Filter>
    </ClInclude>
    <ClInclude Include="CGradient.h">
      <Filter>头文件</Filter>
    </ClInclude>
    <ClInclude Include="CTeePoint2D.h">
      <Filter>头文件</Filter>
    </ClInclude>
    <ClInclude Include="tchart1.h">
      <Filter>头文件</Filter>
    </ClInclude>
    <ClInclude Include="CAxis.h">
      <Filter>头文件</Filter>
    </ClInclude>
    <ClInclude Include="CAxes.h">
      <Filter>头文件</Filter>
    </ClInclude>
    <ClInclude Include="CScroll.h">
      <Filter>头文件</Filter>
    </ClInclude>
    <ClInclude Include="DataChoiceDlg.h">
      <Filter>头文件</Filter>
    </ClInclude>
    <ClInclude Include="ModeChoiceDlg.h">
      <Filter>头文件</Filter>
    </ClInclude>
    <ClInclude Include="GotoNormalTipDlg.h">
      <Filter>头文件</Filter>
    </ClInclude>
    <ClInclude Include="LockedMotorDlg.h">
      <Filter>头文件</Filter>
    </ClInclude>
    <ClInclude Include="MotorDataSaveDlg.h">
      <Filter>头文件</Filter>
    </ClInclude>
    <ClInclude Include="LockedDataDlg.h">
      <Filter>头文件</Filter>
    </ClInclude>
    <ClInclude Include="CheckChoiceDlg.h">
      <Filter>头文件</Filter>
    </ClInclude>
    <ClInclude Include="EvaluateChoiceDlg.h">
      <Filter>头文件</Filter>
    </ClInclude>
    <ClInclude Include="Check_ProgresDlg.h">
      <Filter>头文件</Filter>
    </ClInclude>
    <ClInclude Include="Angle_Evalu_list.h">
      <Filter>头文件</Filter>
    </ClInclude>
    <ClInclude Include="Evalute_Angle_Seris.h">
      <Filter>头文件</Filter>
    </ClInclude>
  </ItemGroup>
  <ItemGroup>
    <ClCompile Include="机电调试V1.0.cpp">
      <Filter>源文件</Filter>
    </ClCompile>
    <ClCompile Include="机电调试V1.0Dlg.cpp">
      <Filter>源文件</Filter>
    </ClCompile>
    <ClCompile Include="stdafx.cpp">
      <Filter>源文件</Filter>
    </ClCompile>
    <ClCompile Include="mscomm1.cpp">
      <Filter>源文件</Filter>
    </ClCompile>
    <ClCompile Include="SerialDlg.cpp">
      <Filter>源文件</Filter>
    </ClCompile>
    <ClCompile Include="C电机Dlg.cpp">
      <Filter>源文件</Filter>
    </ClCompile>
    <ClCompile Include="C角度传感器Dlg.cpp">
      <Filter>源文件</Filter>
    </ClCompile>
    <ClCompile Include="CopyRightDlg.cpp">
      <Filter>源文件</Filter>
    </ClCompile>
    <ClCompile Include="HelpDlg.cpp">
      <Filter>源文件</Filter>
    </ClCompile>
    <ClCompile Include="tchart1.cpp">
      <Filter>源文件</Filter>
    </ClCompile>
    <ClCompile Include="DataChoiceDlg.cpp">
      <Filter>源文件</Filter>
    </ClCompile>
    <ClCompile Include="ModeChoiceDlg.cpp">
      <Filter>源文件</Filter>
    </ClCompile>
    <ClCompile Include="GotoNormalTipDlg.cpp">
      <Filter>源文件</Filter>
    </ClCompile>
    <ClCompile Include="LockedMotorDlg.cpp">
      <Filter>源文件</Filter>
    </ClCompile>
    <ClCompile Include="MotorDataSaveDlg.cpp">
      <Filter>源文件</Filter>
    </ClCompile>
    <ClCompile Include="LockedDataDlg.cpp">
      <Filter>源文件</Filter>
    </ClCompile>
    <ClCompile Include="CheckChoiceDlg.cpp">
      <Filter>源文件</Filter>
    </ClCompile>
    <ClCompile Include="EvaluateChoiceDlg.cpp">
      <Filter>源文件</Filter>
    </ClCompile>
    <ClCompile Include="Check_ProgresDlg.cpp">
      <Filter>源文件</Filter>
    </ClCompile>
    <ClCompile Include="Angle_Evalu_list.cpp">
      <Filter>源文件</Filter>
    </ClCompile>
    <ClCompile Include="Evalute_Angle_Seris.cpp">
      <Filter>源文件</Filter>
    </ClCompile>
  </ItemGroup>
  <ItemGroup>
    <ResourceCompile Include="机电调试V1.0.rc">
      <Filter>资源文件</Filter>
    </ResourceCompile>
  </ItemGroup>
</Project>